github.com/cilium/ebpf v0.10.0 h1:nk5HPMeoBXtOzbkZBWym+ZWq1GIiHUsBFXxwewXAHLQ=
github.com/google/go-cmp v0.5.9 h1:O2Tfq5qg4qc4AmwVlvv0oLiVAGB7enBSJ2x2DqQFi38=
github.com/google/go-cmp v0.5.9/go.mod h1:17dUlkBOakJ0+DkrSSNjCkIjxS6bF9zb3elmeNGIjoY=
github.com/josharian/native v1.1.0 h1:uuaP0hAbW7Y4l0ZRQ6C9zfb7Mg1mbFKry/xzDAfmtLA=
github.com/josharian/native v1.1.0/go.mod h1:7X/raswPFr05uY3HiLlYeyQntB6OO7E/d2Cu7qoaN2w=
github.com/jsimonetti/rtnetlink v1.3.2 h1:dcn0uWkfxycEEyNy0IGfx3GrhQ38LH7odjxAghimsVI=
github.com/jsimonetti/rtnetlink v1.3.2/go.mod h1:BBu4jZCpTjP6Gk0/wfrO8qcqymnN3g0hoFqObRmUo6U=
github.com/mdlayher/ethtool v0.0.0-20221212131811-ba3b4bc2e02c h1:Y7LoKqIgD7vmqJ7+6ZVnADuwUO+m3tGXbf2lK0OvjIw=
github.com/mdlayher/ethtool v0.0.0-20221212131811-ba3b4bc2e02c/go.mod h1:i0nPbE+sL2G3OtdIb9SXxW/T4UiAwh6rxPW7zcuX+KQ=
github.com/mdlayher/genetlink v1.3.1 h1:roBiPnual+eqtRkKX2Jb8UQN5ZPWnhDCGj/wR6Jlz2w=
github.com/mdlayher/genetlink v1.3.1/go.mod h1:uaIPxkWmGk753VVIzDtROxQ8+T+dkHqOI0vB1NA9S/Q=
github.com/mdlayher/socket v0.4.1 h1:eM9y2/jlbs1M615oshPQOHZzj6R6wMT7bX5NPiQvn2U=
github.com/mdlayher/socket v0.4.1/go.mod h1:cAqeGjoufqdxWkD7DkpyS+wcefOtmu5OQ8KuoJGIReA=
golang.org/x/net v0.9.0 h1:aWJ/m6xSmxWBx+V0XRHTlrYrPG56jKsLdTFmsSsCzOM=
golang.org/x/net v0.9.0/go.mod h1:d48xBJpPfHeWQsugry2m+kC02ZBRGRgulfHnEXEuWns=
golang.org/x/sync v0.1.0 h1:wsuoTGHzEhffawBOhz5CYhcrV4IdKZbEyZjBMuTp12o=
golang.org/x/sync v0.1.0/go.mod h1:RxMgew5VJxzue5/jJTE5uejpjVlOe/izrB70Jof72aM=
golang.org/x/sys v0.7.0 h1:3jlCCIQZPdOYu1h8BkNvLz8Kgwtae2cagcG/VamtZRU=
golang.org/x/sys v0.7.0/go.mod h1:oPkhp1MJrh7nUepCBck5+mAzfO9JrbApNNgaTdGDITg=
